
Microsoft Visual Studio Solution File, Format Version 12.00
# Visual Studio Version 16
VisualStudioVersion = 16.0.30413.136
MinimumVisualStudioVersion = 10.0.40219.1
Project("{9A19103F-16F7-4668-BE54-9A1E7A4F7556}") = "Dateland.Test2", "Dateland.Test2\Dateland.Test2.csproj", "{068539B8-F406-45E6-8F0C-FE081A815C6F}"
EndProject
Project("{9A19103F-16F7-4668-BE54-9A1E7A4F7556}") = "Dateland.Test2.Core", "Dateland.Test2.Core\Dateland.Test2.Core.csproj", "{A6F334F3-5161-4DDF-B754-23B6915D58CD}"
EndProject
Project("{00D1A9C2-B5F0-4AF3-8072-F6C62B433612}") = "Dateland.Test2.Data", "Dateland.Test2.Data\Dateland.Test2.Data.sqlproj", "{58147864-1C3C-434F-A86F-301BDC444076}"
EndProject
Global
	GlobalSection(SolutionConfigurationPlatforms) = preSolution
		Debug|Any CPU = Debug|Any CPU
		Release|Any CPU = Release|Any CPU
	EndGlobalSection
	GlobalSection(ProjectConfigurationPlatforms) = postSolution
		{068539B8-F406-45E6-8F0C-FE081A815C6F}.Debug|Any CPU.ActiveCfg = Debug|Any CPU
		{068539B8-F406-45E6-8F0C-FE081A815C6F}.Debug|Any CPU.Build.0 = Debug|Any CPU
		{068539B8-F406-45E6-8F0C-FE081A815C6F}.Release|Any CPU.ActiveCfg = Release|Any CPU
		{068539B8-F406-45E6-8F0C-FE081A815C6F}.Release|Any CPU.Build.0 = Release|Any CPU
		{A6F334F3-5161-4DDF-B754-23B6915D58CD}.Debug|Any CPU.ActiveCfg = Debug|Any CPU
		{A6F334F3-5161-4DDF-B754-23B6915D58CD}.Debug|Any CPU.Build.0 = Debug|Any CPU
		{A6F334F3-5161-4DDF-B754-23B6915D58CD}.Release|Any CPU.ActiveCfg = Release|Any CPU
		{A6F334F3-5161-4DDF-B754-23B6915D58CD}.Release|Any CPU.Build.0 = Release|Any CPU
		{58147864-1C3C-434F-A86F-301BDC444076}.Debug|Any CPU.ActiveCfg = Debug|Any CPU
		{58147864-1C3C-434F-A86F-301BDC444076}.Debug|Any CPU.Build.0 = Debug|Any CPU
		{58147864-1C3C-434F-A86F-301BDC444076}.Debug|Any CPU.Deploy.0 = Debug|Any CPU
		{58147864-1C3C-434F-A86F-301BDC444076}.Release|Any CPU.ActiveCfg = Release|Any CPU
		{58147864-1C3C-434F-A86F-301BDC444076}.Release|Any CPU.Build.0 = Release|Any CPU
		{58147864-1C3C-434F-A86F-301BDC444076}.Release|Any CPU.Deploy.0 = Release|Any CPU
	EndGlobalSection
	GlobalSection(SolutionProperties) = preSolution
		HideSolutionNode = FALSE
	EndGlobalSection
	GlobalSection(ExtensibilityGlobals) = postSolution
		SolutionGuid = {54DE5B86-B783-47AB-8A93-40E3608C4BA9}
	EndGlobalSection
EndGlobal
